{
  "originHash" : "6c37fab38929a9de71264ad9f9592ef99563a6c8f765f25738f339e48a6d58f6",
  "pins" : [
    {
      "identity" : "swiftuigraphs",
      "kind" : "remoteSourceControl",
      "location" : "https://github.com/DominikButz/SwiftUIGraphs.git",
      "state" : {
        "revision" : "45f56b67df9962c885fcbbd8d72d84b13cc148d7",
        "version" : "1.1.2"
      }
    }
  ],
  "version" : 3
}
